
Microsoft Visual Studio Solution File, Format Version 12.00
# Visual Studio Version 16
VisualStudioVersion = 16.0.29020.237
MinimumVisualStudioVersion = 10.0.40219.1
Project("{FAE04EC0-301F-11D3-BF4B-00C04F79EFBC}") = "App2.Android", "App2\App2.Android\App2.Android.csproj", "{0D74FF84-4159-4486-AF3F-77BE54DCB497}"
EndProject
Project("{FAE04EC0-301F-11D3-BF4B-00C04F79EFBC}") = "App2.iOS", "App2\App2.iOS\App2.iOS.csproj", "{0931525C-3E66-4B7B-AAF1-5FE6EC006E9B}"
EndProject
Project("{FAE04EC0-301F-11D3-BF4B-00C04F79EFBC}") = "App2", "App2\App2\App2.csproj", "{2F7D8A48-62C1-4CDF-89B7-CA9CCA920698}"
EndProject
Global
	GlobalSection(SolutionConfigurationPlatforms) = preSolution
		Debug|Any CPU = Debug|Any CPU
		Debug|iPhone = Debug|iPhone
		Debug|iPhoneSimulator = Debug|iPhoneSimulator
		Release|Any CPU = Release|Any CPU
		Release|iPhone = Release|iPhone
		Release|iPhoneSimulator = Release|iPhoneSimulator
	EndGlobalSection
	GlobalSection(ProjectConfigurationPlatforms) = postSolution
		{0D74FF84-4159-4486-AF3F-77BE54DCB497}.Debug|Any CPU.ActiveCfg = Debug|Any CPU
		{0D74FF84-4159-4486-AF3F-77BE54DCB497}.Debug|Any CPU.Build.0 = Debug|Any CPU
		{0D74FF84-4159-4486-AF3F-77BE54DCB497}.Debug|Any CPU.Deploy.0 = Debug|Any CPU
		{0D74FF84-4159-4486-AF3F-77BE54DCB497}.Debug|iPhone.ActiveCfg = Debug|Any CPU
		{0D74FF84-4159-4486-AF3F-77BE54DCB497}.Debug|iPhone.Build.0 = Debug|Any CPU
		{0D74FF84-4159-4486-AF3F-77BE54DCB497}.Debug|iPhone.Deploy.0 = Debug|Any CPU
		{0D74FF84-4159-4486-AF3F-77BE54DCB497}.Debug|iPhoneSimulator.ActiveCfg = Debug|Any CPU
		{0D74FF84-4159-4486-AF3F-77BE54DCB497}.Debug|iPhoneSimulator.Build.0 = Debug|Any CPU
		{0D74FF84-4159-4486-AF3F-77BE54DCB497}.Debug|iPhoneSimulator.Deploy.0 = Debug|Any CPU
		{0D74FF84-4159-4486-AF3F-77BE54DCB497}.Release|Any CPU.ActiveCfg = Release|Any CPU
		{0D74FF84-4159-4486-AF3F-77BE54DCB497}.Release|Any CPU.Build.0 = Release|Any CPU
		{0D74FF84-4159-4486-AF3F-77BE54DCB497}.Release|Any CPU.Deploy.0 = Release|Any CPU
		{0D74FF84-4159-4486-AF3F-77BE54DCB497}.Release|iPhone.ActiveCfg = Release|Any CPU
		{0D74FF84-4159-4486-AF3F-77BE54DCB497}.Release|iPhone.Build.0 = Release|Any CPU
		{0D74FF84-4159-4486-AF3F-77BE54DCB497}.Release|iPhone.Deploy.0 = Release|Any CPU
		{0D74FF84-4159-4486-AF3F-77BE54DCB497}.Release|iPhoneSimulator.ActiveCfg = Release|Any CPU
		{0D74FF84-4159-4486-AF3F-77BE54DCB497}.Release|iPhoneSimulator.Build.0 = Release|Any CPU
		{0D74FF84-4159-4486-AF3F-77BE54DCB497}.Release|iPhoneSimulator.Deploy.0 = Release|Any CPU
		{0931525C-3E66-4B7B-AAF1-5FE6EC006E9B}.Debug|Any CPU.ActiveCfg = Debug|iPhoneSimulator
		{0931525C-3E66-4B7B-AAF1-5FE6EC006E9B}.Debug|Any CPU.Build.0 = Debug|iPhoneSimulator
		{0931525C-3E66-4B7B-AAF1-5FE6EC006E9B}.Debug|Any CPU.Deploy.0 = Debug|iPhoneSimulator
		{0931525C-3E66-4B7B-AAF1-5FE6EC006E9B}.Debug|iPhone.ActiveCfg = Debug|iPhone
		{0931525C-3E66-4B7B-AAF1-5FE6EC006E9B}.Debug|iPhone.Build.0 = Debug|iPhone
		{0931525C-3E66-4B7B-AAF1-5FE6EC006E9B}.Debug|iPhone.Deploy.0 = Debug|iPhone
		{0931525C-3E66-4B7B-AAF1-5FE6EC006E9B}.Debug|iPhoneSimulator.ActiveCfg = Debug|iPhoneSimulator
		{0931525C-3E66-4B7B-AAF1-5FE6EC006E9B}.Debug|iPhoneSimulator.Build.0 = Debug|iPhoneSimulator
		{0931525C-3E66-4B7B-AAF1-5FE6EC006E9B}.Debug|iPhoneSimulator.Deploy.0 = Debug|iPhoneSimulator
		{0931525C-3E66-4B7B-AAF1-5FE6EC006E9B}.Release|Any CPU.ActiveCfg = Release|iPhone
		{0931525C-3E66-4B7B-AAF1-5FE6EC006E9B}.Release|Any CPU.Build.0 = Release|iPhone
		{0931525C-3E66-4B7B-AAF1-5FE6EC006E9B}.Release|Any CPU.Deploy.0 = Release|iPhone
		{0931525C-3E66-4B7B-AAF1-5FE6EC006E9B}.Release|iPhone.ActiveCfg = Release|iPhone
		{0931525C-3E66-4B7B-AAF1-5FE6EC006E9B}.Release|iPhone.Build.0 = Release|iPhone
		{0931525C-3E66-4B7B-AAF1-5FE6EC006E9B}.Release|iPhone.Deploy.0 = Release|iPhone
		{0931525C-3E66-4B7B-AAF1-5FE6EC006E9B}.Release|iPhoneSimulator.ActiveCfg = Release|iPhoneSimulator
		{0931525C-3E66-4B7B-AAF1-5FE6EC006E9B}.Release|iPhoneSimulator.Build.0 = Release|iPhoneSimulator
		{0931525C-3E66-4B7B-AAF1-5FE6EC006E9B}.Release|iPhoneSimulator.Deploy.0 = Release|iPhoneSimulator
		{2F7D8A48-62C1-4CDF-89B7-CA9CCA920698}.Debug|Any CPU.ActiveCfg = Debug|Any CPU
		{2F7D8A48-62C1-4CDF-89B7-CA9CCA920698}.Debug|Any CPU.Build.0 = Debug|Any CPU
		{2F7D8A48-62C1-4CDF-89B7-CA9CCA920698}.Debug|Any CPU.Deploy.0 = Debug|Any CPU
		{2F7D8A48-62C1-4CDF-89B7-CA9CCA920698}.Debug|iPhone.ActiveCfg = Debug|Any CPU
		{2F7D8A48-62C1-4CDF-89B7-CA9CCA920698}.Debug|iPhone.Build.0 = Debug|Any CPU
		{2F7D8A48-62C1-4CDF-89B7-CA9CCA920698}.Debug|iPhone.Deploy.0 = Debug|Any CPU
		{2F7D8A48-62C1-4CDF-89B7-CA9CCA920698}.Debug|iPhoneSimulator.ActiveCfg = Debug|Any CPU
		{2F7D8A48-62C1-4CDF-89B7-CA9CCA920698}.Debug|iPhoneSimulator.Build.0 = Debug|Any CPU
		{2F7D8A48-62C1-4CDF-89B7-CA9CCA920698}.Debug|iPhoneSimulator.Deploy.0 = Debug|Any CPU
		{2F7D8A48-62C1-4CDF-89B7-CA9CCA920698}.Release|Any CPU.ActiveCfg = Release|Any CPU
		{2F7D8A48-62C1-4CDF-89B7-CA9CCA920698}.Release|Any CPU.Build.0 = Release|Any CPU
		{2F7D8A48-62C1-4CDF-89B7-CA9CCA920698}.Release|Any CPU.Deploy.0 = Release|Any CPU
		{2F7D8A48-62C1-4CDF-89B7-CA9CCA920698}.Release|iPhone.ActiveCfg = Release|Any CPU
		{2F7D8A48-62C1-4CDF-89B7-CA9CCA920698}.Release|iPhone.Build.0 = Release|Any CPU
		{2F7D8A48-62C1-4CDF-89B7-CA9CCA920698}.Release|iPhone.Deploy.0 = Release|Any CPU
		{2F7D8A48-62C1-4CDF-89B7-CA9CCA920698}.Release|iPhoneSimulator.ActiveCfg = Release|Any CPU
		{2F7D8A48-62C1-4CDF-89B7-CA9CCA920698}.Release|iPhoneSimulator.Build.0 = Release|Any CPU
		{2F7D8A48-62C1-4CDF-89B7-CA9CCA920698}.Release|iPhoneSimulator.Deploy.0 = Release|Any CPU
	EndGlobalSection
	GlobalSection(SolutionProperties) = preSolution
		HideSolutionNode = FALSE
	EndGlobalSection
	GlobalSection(ExtensibilityGlobals) = postSolution
		SolutionGuid = {684F5E15-1222-49B7-A260-92004F18600A}
	EndGlobalSection
EndGlobal
